
Microsoft Visual Studio Solution File, Format Version 12.00
# Visual Studio Version 17
VisualStudioVersion = 17.11.35327.3
MinimumVisualStudioVersion = 10.0.40219.1
Project("{FAE04EC0-301F-11D3-BF4B-00C04F79EFBC}") = "communityEventManagementSystem", "communityEventManagementSystem\communityEventManagementSystem.csproj", "{C58389B8-7567-4B00-B9FA-FD5F37BF79FE}"
EndProject
Global
	GlobalSection(SolutionConfigurationPlatforms) = preSolution
		Debug|Any CPU = Debug|Any CPU
		Release|Any CPU = Release|Any CPU
	EndGlobalSection
	GlobalSection(ProjectConfigurationPlatforms) = postSolution
		{C58389B8-7567-4B00-B9FA-FD5F37BF79FE}.Debug|Any CPU.ActiveCfg = Debug|Any CPU
		{C58389B8-7567-4B00-B9FA-FD5F37BF79FE}.Debug|Any CPU.Build.0 = Debug|Any CPU
		{C58389B8-7567-4B00-B9FA-FD5F37BF79FE}.Release|Any CPU.ActiveCfg = Release|Any CPU
		{C58389B8-7567-4B00-B9FA-FD5F37BF79FE}.Release|Any CPU.Build.0 = Release|Any CPU
	EndGlobalSection
	GlobalSection(SolutionProperties) = preSolution
		HideSolutionNode = FALSE
	EndGlobalSection
	GlobalSection(ExtensibilityGlobals) = postSolution
		SolutionGuid = {6C1129E6-BDD0-48A8-835B-F13A4D83F25B}
	EndGlobalSection
EndGlobal
